
Microsoft Visual Studio Solution File, Format Version 12.00
# Visual Studio Version 16
VisualStudioVersion = 16.0.29509.3
MinimumVisualStudioVersion = 10.0.40219.1
Project("{FAE04EC0-301F-11D3-BF4B-00C04F79EFBC}") = "DarkClearInventory", "DarkClearInventory\DarkClearInventory.csproj", "{4145A8A3-9E51-47C0-BE4E-1AA391C0B393}"
EndProject
Global
	GlobalSection(SolutionConfigurationPlatforms) = preSolution
		Debug|Any CPU = Debug|Any CPU
		Release|Any CPU = Release|Any CPU
	EndGlobalSection
	GlobalSection(ProjectConfigurationPlatforms) = postSolution
		{4145A8A3-9E51-47C0-BE4E-1AA391C0B393}.Debug|Any CPU.ActiveCfg = Debug|Any CPU
		{4145A8A3-9E51-47C0-BE4E-1AA391C0B393}.Debug|Any CPU.Build.0 = Debug|Any CPU
		{4145A8A3-9E51-47C0-BE4E-1AA391C0B393}.Release|Any CPU.ActiveCfg = Release|Any CPU
		{4145A8A3-9E51-47C0-BE4E-1AA391C0B393}.Release|Any CPU.Build.0 = Release|Any CPU
	EndGlobalSection
	GlobalSection(SolutionProperties) = preSolution
		HideSolutionNode = FALSE
	EndGlobalSection
	GlobalSection(ExtensibilityGlobals) = postSolution
		SolutionGuid = {FC10AB6B-F06A-4B80-84CD-9E7947DA9AC7}
	EndGlobalSection
EndGlobal
